// !$*UTF8*$!
{
	archiveVersion = 1;
	classes = {
	};
	objectVersion = 55;
	objects = {

/* Begin PBXBuildFile section */
		0EA260D0274FB40C00D6699E /* NasaPhotoApp.swift in Sources */ = {isa = PBXBuildFile; fileRef = 0EA260CF274FB40C00D6699E /* NasaPhotoApp.swift */; };
		0EA260D4274FB40D00D6699E /* Assets.xcassets in Resources */ = {isa = PBXBuildFile; fileRef = 0EA260D3274FB40D00D6699E /* Assets.xcassets */; };
		0EA260D7274FB40D00D6699E /* Preview Assets.xcassets in Resources */ = {isa = PBXBuildFile; fileRef = 0EA260D6274FB40D00D6699E /* Preview Assets.xcassets */; };
		0EA260E5274FB46B00D6699E /* TypeLoadingData.swift in Sources */ = {isa = PBXBuildFile; fileRef = 0EA260DE274FB46B00D6699E /* TypeLoadingData.swift */; };
		0EA260E6274FB46B00D6699E /* MainStateMachine.swift in Sources */ = {isa = PBXBuildFile; fileRef = 0EA260DF274FB46B00D6699E /* MainStateMachine.swift */; };
		0EA260E7274FB46B00D6699E /* MarsRowViewModel.swift in Sources */ = {isa = PBXBuildFile; fileRef = 0EA260E1274FB46B00D6699E /* MarsRowViewModel.swift */; };
		0EA260E8274FB46B00D6699E /* MarsPhotoRow.swift in Sources */ = {isa = PBXBuildFile; fileRef = 0EA260E2274FB46B00D6699E /* MarsPhotoRow.swift */; };
		0EA260E9274FB46B00D6699E /* MainViewModel.swift in Sources */ = {isa = PBXBuildFile; fileRef = 0EA260E3274FB46B00D6699E /* MainViewModel.swift */; };
		0EA260EA274FB46B00D6699E /* MainView.swift in Sources */ = {isa = PBXBuildFile; fileRef = 0EA260E4274FB46B00D6699E /* MainView.swift */; };
		0EA260FC274FB47100D6699E /* Preview Assets.xcassets in Resources */ = {isa = PBXBuildFile; fileRef = 0EA260EC274FB47100D6699E /* Preview Assets.xcassets */; };
		0EA260FD274FB47100D6699E /* ImageLoader.swift in Sources */ = {isa = PBXBuildFile; fileRef = 0EA260EF274FB47100D6699E /* ImageLoader.swift */; };
		0EA260FE274FB47100D6699E /* ImageURLView.swift in Sources */ = {isa = PBXBuildFile; fileRef = 0EA260F0274FB47100D6699E /* ImageURLView.swift */; };
		0EA260FF274FB47100D6699E /* Parsing.swift in Sources */ = {isa = PBXBuildFile; fileRef = 0EA260F2274FB47100D6699E /* Parsing.swift */; };
		0EA26100274FB47100D6699E /* NasaFetcher.swift in Sources */ = {isa = PBXBuildFile; fileRef = 0EA260F5274FB47100D6699E /* NasaFetcher.swift */; };
		0EA26101274FB47100D6699E /* NasaError.swift in Sources */ = {isa = PBXBuildFile; fileRef = 0EA260F6274FB47100D6699E /* NasaError.swift */; };
		0EA26102274FB47100D6699E /* NasaResponces.swift in Sources */ = {isa = PBXBuildFile; fileRef = 0EA260F7274FB47100D6699E /* NasaResponces.swift */; };
		0EA26103274FB47100D6699E /* AsyncNasaFetcher.swift in Sources */ = {isa = PBXBuildFile; fileRef = 0EA260F9274FB47100D6699E /* AsyncNasaFetcher.swift */; };
		0EA26104274FB47100D6699E /* BlockNasaFetcher.swift in Sources */ = {isa = PBXBuildFile; fileRef = 0EA260FB274FB47100D6699E /* BlockNasaFetcher.swift */; };
/* End PBXBuildFile section */

/* Begin PBXFileReference section */
		0EA260CC274FB40C00D6699E /* NasaPhotoApp.app */ = {isa = PBXFileReference; explicitFileType = wrapper.application; includeInIndex = 0; path = NasaPhotoApp.app; sourceTree = BUILT_PRODUCTS_DIR; };
		0EA260CF274FB40C00D6699E /* NasaPhotoApp.swift */ = {isa = PBXFileReference; lastKnownFileType = sourcecode.swift; path = NasaPhotoApp.swift; sourceTree = "<group>"; };
		0EA260D3274FB40D00D6699E /* Assets.xcassets */ = {isa = PBXFileReference; lastKnownFileType = folder.assetcatalog; path = Assets.xcassets; sourceTree = "<group>"; };
		0EA260D6274FB40D00D6699E /* Preview Assets.xcassets */ = {isa = PBXFileReference; lastKnownFileType = folder.assetcatalog; path = "Preview Assets.xcassets"; sourceTree = "<group>"; };
		0EA260DE274FB46B00D6699E /* TypeLoadingData.swift */ = {isa = PBXFileReference; fileEncoding = 4; lastKnownFileType = sourcecode.swift; path = TypeLoadingData.swift; sourceTree = "<group>"; };
		0EA260DF274FB46B00D6699E /* MainStateMachine.swift */ = {isa = PBXFileReference; fileEncoding = 4; lastKnownFileType = sourcecode.swift; path = MainStateMachine.swift; sourceTree = "<group>"; };
		0EA260E1274FB46B00D6699E /* MarsRowViewModel.swift */ = {isa = PBXFileReference; fileEncoding = 4; lastKnownFileType = sourcecode.swift; path = MarsRowViewModel.swift; sourceTree = "<group>"; };
		0EA260E2274FB46B00D6699E /* MarsPhotoRow.swift */ = {isa = PBXFileReference; fileEncoding = 4; lastKnownFileType = sourcecode.swift; path = MarsPhotoRow.swift; sourceTree = "<group>"; };
		0EA260E3274FB46B00D6699E /* MainViewModel.swift */ = {isa = PBXFileReference; fileEncoding = 4; lastKnownFileType = sourcecode.swift; path = MainViewModel.swift; sourceTree = "<group>"; };
		0EA260E4274FB46B00D6699E /* MainView.swift */ = {isa = PBXFileReference; fileEncoding = 4; lastKnownFileType = sourcecode.swift; path = MainView.swift; sourceTree = "<group>"; };
		0EA260EC274FB47100D6699E /* Preview Assets.xcassets */ = {isa = PBXFileReference; lastKnownFileType = folder.assetcatalog; path = "Preview Assets.xcassets"; sourceTree = "<group>"; };
		0EA260EF274FB47100D6699E /* ImageLoader.swift */ = {isa = PBXFileReference; fileEncoding = 4; lastKnownFileType = sourcecode.swift; path = ImageLoader.swift; sourceTree = "<group>"; };
		0EA260F0274FB47100D6699E /* ImageURLView.swift */ = {isa = PBXFileReference; fileEncoding = 4; lastKnownFileType = sourcecode.swift; path = ImageURLView.swift; sourceTree = "<group>"; };
		0EA260F2274FB47100D6699E /* Parsing.swift */ = {isa = PBXFileReference; fileEncoding = 4; lastKnownFileType = sourcecode.swift; path = Parsing.swift; sourceTree = "<group>"; };
		0EA260F5274FB47100D6699E /* NasaFetcher.swift */ = {isa = PBXFileReference; fileEncoding = 4; lastKnownFileType = sourcecode.swift; path = NasaFetcher.swift; sourceTree = "<group>"; };
		0EA260F6274FB47100D6699E /* NasaError.swift */ = {isa = PBXFileReference; fileEncoding = 4; lastKnownFileType = sourcecode.swift; path = NasaError.swift; sourceTree = "<group>"; };
		0EA260F7274FB47100D6699E /* NasaResponces.swift */ = {isa = PBXFileReference; fileEncoding = 4; lastKnownFileType = sourcecode.swift; path = NasaResponces.swift; sourceTree = "<group>"; };
		0EA260F9274FB47100D6699E /* AsyncNasaFetcher.swift */ = {isa = PBXFileReference; fileEncoding = 4; lastKnownFileType = sourcecode.swift; path = AsyncNasaFetcher.swift; sourceTree = "<group>"; };
		0EA260FB274FB47100D6699E /* BlockNasaFetcher.swift */ = {isa = PBXFileReference; fileEncoding = 4; lastKnownFileType = sourcecode.swift; path = BlockNasaFetcher.swift; sourceTree = "<group>"; };
/* End PBXFileReference section */

/* Begin PBXFrameworksBuildPhase section */
		0EA260C9274FB40C00D6699E /* Frameworks */ = {
			isa = PBXFrameworksBuildPhase;
			buildActionMask = 2147483647;
			files = (
			);
			runOnlyForDeploymentPostprocessing = 0;
		};
/* End PBXFrameworksBuildPhase section */

/* Begin PBXGroup section */
		0EA260C3274FB40C00D6699E = {
			isa = PBXGroup;
			children = (
				0EA260CE274FB40C00D6699E /* NasaPhotoApp */,
				0EA260CD274FB40C00D6699E /* Products */,
			);
			sourceTree = "<group>";
		};
		0EA260CD274FB40C00D6699E /* Products */ = {
			isa = PBXGroup;
			children = (
				0EA260CC274FB40C00D6699E /* NasaPhotoApp.app */,
			);
			name = Products;
			sourceTree = "<group>";
		};
		0EA260CE274FB40C00D6699E /* NasaPhotoApp */ = {
			isa = PBXGroup;
			children = (
				0EA260CF274FB40C00D6699E /* NasaPhotoApp.swift */,
				0EA260F3274FB47100D6699E /* Network */,
				0EA260EB274FB47100D6699E /* Preview Content */,
				0EA260ED274FB47100D6699E /* Utilities */,
				0EA260DD274FB46B00D6699E /* Main */,
				0EA260D3274FB40D00D6699E /* Assets.xcassets */,
				0EA260D5274FB40D00D6699E /* Preview Content */,
			);
			path = NasaPhotoApp;
			sourceTree = "<group>";
		};
		0EA260D5274FB40D00D6699E /* Preview Content */ = {
			isa = PBXGroup;
			children = (
				0EA260D6274FB40D00D6699E /* Preview Assets.xcassets */,
			);
			path = "Preview Content";
			sourceTree = "<group>";
		};
		0EA260DD274FB46B00D6699E /* Main */ = {
			isa = PBXGroup;
			children = (
				0EA260DE274FB46B00D6699E /* TypeLoadingData.swift */,
				0EA260DF274FB46B00D6699E /* MainStateMachine.swift */,
				0EA260E0274FB46B00D6699E /* Row */,
				0EA260E3274FB46B00D6699E /* MainViewModel.swift */,
				0EA260E4274FB46B00D6699E /* MainView.swift */,
			);
			path = Main;
			sourceTree = "<group>";
		};
		0EA260E0274FB46B00D6699E /* Row */ = {
			isa = PBXGroup;
			children = (
				0EA260E1274FB46B00D6699E /* MarsRowViewModel.swift */,
				0EA260E2274FB46B00D6699E /* MarsPhotoRow.swift */,
			);
			path = Row;
			sourceTree = "<group>";
		};
		0EA260EB274FB47100D6699E /* Preview Content */ = {
			isa = PBXGroup;
			children = (
				0EA260EC274FB47100D6699E /* Preview Assets.xcassets */,
			);
			path = "Preview Content";
			sourceTree = "<group>";
		};
		0EA260ED274FB47100D6699E /* Utilities */ = {
			isa = PBXGroup;
			children = (
				0EA260EE274FB47100D6699E /* ImageLoader */,
				0EA260F1274FB47100D6699E /* Parsing */,
			);
			path = Utilities;
			sourceTree = "<group>";
		};
		0EA260EE274FB47100D6699E /* ImageLoader */ = {
			isa = PBXGroup;
			children = (
				0EA260EF274FB47100D6699E /* ImageLoader.swift */,
				0EA260F0274FB47100D6699E /* ImageURLView.swift */,
			);
			path = ImageLoader;
			sourceTree = "<group>";
		};
		0EA260F1274FB47100D6699E /* Parsing */ = {
			isa = PBXGroup;
			children = (
				0EA260F2274FB47100D6699E /* Parsing.swift */,
			);
			path = Parsing;
			sourceTree = "<group>";
		};
		0EA260F3274FB47100D6699E /* Network */ = {
			isa = PBXGroup;
			children = (
				0EA260F4274FB47100D6699E /* Combine */,
				0EA260F8274FB47100D6699E /* Async */,
				0EA260FA274FB47100D6699E /* Block */,
			);
			path = Network;
			sourceTree = "<group>";
		};
		0EA260F4274FB47100D6699E /* Combine */ = {
			isa = PBXGroup;
			children = (
				0EA260F5274FB47100D6699E /* NasaFetcher.swift */,
				0EA260F6274FB47100D6699E /* NasaError.swift */,
				0EA260F7274FB47100D6699E /* NasaResponces.swift */,
			);
			path = Combine;
			sourceTree = "<group>";
		};
		0EA260F8274FB47100D6699E /* Async */ = {
			isa = PBXGroup;
			children = (
				0EA260F9274FB47100D6699E /* AsyncNasaFetcher.swift */,
			);
			path = Async;
			sourceTree = "<group>";
		};
		0EA260FA274FB47100D6699E /* Block */ = {
			isa = PBXGroup;
			children = (
				0EA260FB274FB47100D6699E /* BlockNasaFetcher.swift */,
			);
			path = Block;
			sourceTree = "<group>";
		};
/* End PBXGroup section */

/* Begin PBXNativeTarget section */
		0EA260CB274FB40C00D6699E /* NasaPhotoApp */ = {
			isa = PBXNativeTarget;
			buildConfigurationList = 0EA260DA274FB40D00D6699E /* Build configuration list for PBXNativeTarget "NasaPhotoApp" */;
			buildPhases = (
				0EA260C8274FB40C00D6699E /* Sources */,
				0EA260C9274FB40C00D6699E /* Frameworks */,
				0EA260CA274FB40C00D6699E /* Resources */,
			);
			buildRules = (
			);
			dependencies = (
			);
			name = NasaPhotoApp;
			productName = NasaPhotoApp;
			productReference = 0EA260CC274FB40C00D6699E /* NasaPhotoApp.app */;
			productType = "com.apple.product-type.application";
		};
/* End PBXNativeTarget section */

/* Begin PBXProject section */
		0EA260C4274FB40C00D6699E /* Project object */ = {
			isa = PBXProject;
			attributes = {
				BuildIndependentTargetsInParallel = 1;
				LastSwiftUpdateCheck = 1310;
				LastUpgradeCheck = 1310;
				TargetAttributes = {
					0EA260CB274FB40C00D6699E = {
						CreatedOnToolsVersion = 13.1;
					};
				};
			};
			buildConfigurationList = 0EA260C7274FB40C00D6699E /* Build configuration list for PBXProject "NasaPhotoApp" */;
			compatibilityVersion = "Xcode 13.0";
			developmentRegion = en;
			hasScannedForEncodings = 0;
			knownRegions = (
				en,
				Base,
			);
			mainGroup = 0EA260C3274FB40C00D6699E;
			productRefGroup = 0EA260CD274FB40C00D6699E /* Products */;
			projectDirPath = "";
			projectRoot = "";
			targets = (
				0EA260CB274FB40C00D6699E /* NasaPhotoApp */,
			);
		};
/* End PBXProject section */

/* Begin PBXResourcesBuildPhase section */
		0EA260CA274FB40C00D6699E /* Resources */ = {
			isa = PBXResourcesBuildPhase;
			buildActionMask = 2147483647;
			files = (
				0EA260D7274FB40D00D6699E /* Preview Assets.xcassets in Resources */,
				0EA260FC274FB47100D6699E /* Preview Assets.xcassets in Resources */,
				0EA260D4274FB40D00D6699E /* Assets.xcassets in Resources */,
			);
			runOnlyForDeploymentPostprocessing = 0;
		};
/* End PBXResourcesBuildPhase section */

/* Begin PBXSourcesBuildPhase section */
		0EA260C8274FB40C00D6699E /* Sources */ = {
			isa = PBXSourcesBuildPhase;
			buildActionMask = 2147483647;
			files = (
				0EA26100274FB47100D6699E /* NasaFetcher.swift in Sources */,
				0EA260E7274FB46B00D6699E /* MarsRowViewModel.swift in Sources */,
				0EA260EA274FB46B00D6699E /* MainView.swift in Sources */,
				0EA26103274FB47100D6699E /* AsyncNasaFetcher.swift in Sources */,
				0EA260E5274FB46B00D6699E /* TypeLoadingData.swift in Sources */,
				0EA260E6274FB46B00D6699E /* MainStateMachine.swift in Sources */,
				0EA260FE274FB47100D6699E /* ImageURLView.swift in Sources */,
				0EA26104274FB47100D6699E /* BlockNasaFetcher.swift in Sources */,
				0EA260D0274FB40C00D6699E /* NasaPhotoApp.swift in Sources */,
				0EA260FF274FB47100D6699E /* Parsing.swift in Sources */,
				0EA260E8274FB46B00D6699E /* MarsPhotoRow.swift in Sources */,
				0EA260FD274FB47100D6699E /* ImageLoader.swift in Sources */,
				0EA260E9274FB46B00D6699E /* MainViewModel.swift in Sources */,
				0EA26101274FB47100D6699E /* NasaError.swift in Sources */,
				0EA26102274FB47100D6699E /* NasaResponces.swift in Sources */,
			);
			runOnlyForDeploymentPostprocessing = 0;
		};
/* End PBXSourcesBuildPhase section */

/* Begin XCBuildConfiguration section */
		0EA260D8274FB40D00D6699E /* Debug */ = {
			isa = XCBuildConfiguration;
			buildSettings = {
				ALWAYS_SEARCH_USER_PATHS = NO;
				CLANG_ANALYZER_NONNULL = YES;
				CLANG_ANALYZER_NUMBER_OBJECT_CONVERSION = YES_AGGRESSIVE;
				CLANG_CXX_LANGUAGE_STANDARD = "gnu++17";
				CLANG_CXX_LIBRARY = "libc++";
				CLANG_ENABLE_MODULES = YES;
				CLANG_ENABLE_OBJC_ARC = YES;
				CLANG_ENABLE_OBJC_WEAK = YES;
				CLANG_WARN_BLOCK_CAPTURE_AUTORELEASING = YES;
				CLANG_WARN_BOOL_CONVERSION = YES;
				CLANG_WARN_COMMA = YES;
				CLANG_WARN_CONSTANT_CONVERSION = YES;
				CLANG_WARN_DEPRECATED_OBJC_IMPLEMENTATIONS = YES;
				CLANG_WARN_DIRECT_OBJC_ISA_USAGE = YES_ERROR;
				CLANG_WARN_DOCUMENTATION_COMMENTS = YES;
				CLANG_WARN_EMPTY_BODY = YES;
				CLANG_WARN_ENUM_CONVERSION = YES;
				CLANG_WARN_INFINITE_RECURSION = YES;
				CLANG_WARN_INT_CONVERSION = YES;
				CLANG_WARN_NON_LITERAL_NULL_CONVERSION = YES;
				CLANG_WARN_OBJC_IMPLICIT_RETAIN_SELF = YES;
				CLANG_WARN_OBJC_LITERAL_CONVERSION = YES;
				CLANG_WARN_OBJC_ROOT_CLASS = YES_ERROR;
				CLANG_WARN_QUOTED_INCLUDE_IN_FRAMEWORK_HEADER = YES;
				CLANG_WARN_RANGE_LOOP_ANALYSIS = YES;
				CLANG_WARN_STRICT_PROTOTYPES = YES;
				CLANG_WARN_SUSPICIOUS_MOVE = YES;
				CLANG_WARN_UNGUARDED_AVAILABILITY = YES_AGGRESSIVE;
				CLANG_WARN_UNREACHABLE_CODE = YES;
				CLANG_WARN__DUPLICATE_METHOD_MATCH = YES;
				COPY_PHASE_STRIP = NO;
				DEBUG_INFORMATION_FORMAT = dwarf;
				ENABLE_STRICT_OBJC_MSGSEND = YES;
				ENABLE_TESTABILITY = YES;
				GCC_C_LANGUAGE_STANDARD = gnu11;
				GCC_DYNAMIC_NO_PIC = NO;
				GCC_NO_COMMON_BLOCKS = YES;
				GCC_OPTIMIZATION_LEVEL = 0;
				GCC_PREPROCESSOR_DEFINITIONS = (
					"DEBUG=1",
					"$(inherited)",
				);
				GCC_WARN_64_TO_32_BIT_CONVERSION = YES;
				GCC_WARN_ABOUT_RETURN_TYPE = YES_ERROR;
				GCC_WARN_UNDECLARED_SELECTOR = YES;
				GCC_WARN_UNINITIALIZED_AUTOS = YES_AGGRESSIVE;
				GCC_WARN_UNUSED_FUNCTION = YES;
				GCC_WARN_UNUSED_VARIABLE = YES;
				IPHONEOS_DEPLOYMENT_TARGET = 15.0;
				MTL_ENABLE_DEBUG_INFO = INCLUDE_SOURCE;
				MTL_FAST_MATH = YES;
				ONLY_ACTIVE_ARCH = YES;
				SDKROOT = iphoneos;
				SWIFT_ACTIVE_COMPILATION_CONDITIONS = DEBUG;
				SWIFT_OPTIMIZATION_LEVEL = "-Onone";
			};
			name = Debug;
		};
		0EA260D9274FB40D00D6699E /* Release */ = {
			isa = XCBuildConfiguration;
			buildSettings = {
				ALWAYS_SEARCH_USER_PATHS = NO;
				CLANG_ANALYZER_NONNULL = YES;
				CLANG_ANALYZER_NUMBER_OBJECT_CONVERSION = YES_AGGRESSIVE;
				CLANG_CXX_LANGUAGE_STANDARD = "gnu++17";
				CLANG_CXX_LIBRARY = "libc++";
				CLANG_ENABLE_MODULES = YES;
				CLANG_ENABLE_OBJC_ARC = YES;
				CLANG_ENABLE_OBJC_WEAK = YES;
				CLANG_WARN_BLOCK_CAPTURE_AUTORELEASING = YES;
				CLANG_WARN_BOOL_CONVERSION = YES;
				CLANG_WARN_COMMA = YES;
				CLANG_WARN_CONSTANT_CONVERSION = YES;
				CLANG_WARN_DEPRECATED_OBJC_IMPLEMENTATIONS = YES;
				CLANG_WARN_DIRECT_OBJC_ISA_USAGE = YES_ERROR;
				CLANG_WARN_DOCUMENTATION_COMMENTS = YES;
				CLANG_WARN_EMPTY_BODY = YES;
				CLANG_WARN_ENUM_CONVERSION = YES;
				CLANG_WARN_INFINITE_RECURSION = YES;
				CLANG_WARN_INT_CONVERSION = YES;
				CLANG_WARN_NON_LITERAL_NULL_CONVERSION = YES;
				CLANG_WARN_OBJC_IMPLICIT_RETAIN_SELF = YES;
				CLANG_WARN_OBJC_LITERAL_CONVERSION = YES;
				CLANG_WARN_OBJC_ROOT_CLASS = YES_ERROR;
				CLANG_WARN_QUOTED_INCLUDE_IN_FRAMEWORK_HEADER = YES;
				CLANG_WARN_RANGE_LOOP_ANALYSIS = YES;
				CLANG_WARN_STRICT_PROTOTYPES = YES;
				CLANG_WARN_SUSPICIOUS_MOVE = YES;
				CLANG_WARN_UNGUARDED_AVAILABILITY = YES_AGGRESSIVE;
				CLANG_WARN_UNREACHABLE_CODE = YES;
				CLANG_WARN__DUPLICATE_METHOD_MATCH = YES;
				COPY_PHASE_STRIP = NO;
				DEBUG_INFORMATION_FORMAT = "dwarf-with-dsym";
				ENABLE_NS_ASSERTIONS = NO;
				ENABLE_STRICT_OBJC_MSGSEND = YES;
				GCC_C_LANGUAGE_STANDARD = gnu11;
				GCC_NO_COMMON_BLOCKS = YES;
				GCC_WARN_64_TO_32_BIT_CONVERSION = YES;
				GCC_WARN_ABOUT_RETURN_TYPE = YES_ERROR;
				GCC_WARN_UNDECLARED_SELECTOR = YES;
				GCC_WARN_UNINITIALIZED_AUTOS = YES_AGGRESSIVE;
				GCC_WARN_UNUSED_FUNCTION = YES;
				GCC_WARN_UNUSED_VARIABLE = YES;
				IPHONEOS_DEPLOYMENT_TARGET = 15.0;
				MTL_ENABLE_DEBUG_INFO = NO;
				MTL_FAST_MATH = YES;
				SDKROOT = iphoneos;
				SWIFT_COMPILATION_MODE = wholemodule;
				SWIFT_OPTIMIZATION_LEVEL = "-O";
				VALIDATE_PRODUCT = YES;
			};
			name = Release;
		};
		0EA260DB274FB40D00D6699E /* Debug */ = {
			isa = XCBuildConfiguration;
			buildSettings = {
				ASSETCATALOG_COMPILER_APPICON_NAME = AppIcon;
				ASSETCATALOG_COMPILER_GLOBAL_ACCENT_COLOR_NAME = AccentColor;
				CODE_SIGN_STYLE = Automatic;
				CURRENT_PROJECT_VERSION = 1;
				DEVELOPMENT_ASSET_PATHS = "\"NasaPhotoApp/Preview Content\"";
				DEVELOPMENT_TEAM = 68M2DLBU7E;
				ENABLE_PREVIEWS = YES;
				GENERATE_INFOPLIST_FILE = YES;
				INFOPLIST_KEY_UIApplicationSceneManifest_Generation = YES;
				INFOPLIST_KEY_UIApplicationSupportsIndirectInputEvents = YES;
				INFOPLIST_KEY_UILaunchScreen_Generation = YES;
				INFOPLIST_KEY_UISupportedInterfaceOrientations_iPad = "UIInterfaceOrientationPortrait UIInterfaceOrientationPortraitUpsideDown UIInterfaceOrientationLandscapeLeft UIInterfaceOrientationLandscapeRight";
				INFOPLIST_KEY_UISupportedInterfaceOrientations_iPhone = "UIInterfaceOrientationPortrait UIInterfaceOrientationLandscapeLeft UIInterfaceOrientationLandscapeRight";
				LD_RUNPATH_SEARCH_PATHS = (
					"$(inherited)",
					"@executable_path/Frameworks",
				);
				MARKETING_VERSION = 1.0;
				PRODUCT_BUNDLE_IDENTIFIER = "Andrey-Dyatkov.NasaPhotoApp";
				PRODUCT_NAME = "$(TARGET_NAME)";
				SWIFT_EMIT_LOC_STRINGS = YES;
				SWIFT_VERSION = 5.0;
				TARGETED_DEVICE_FAMILY = "1,2";
			};
			name = Debug;
		};
		0EA260DC274FB40D00D6699E /* Release */ = {
			isa = XCBuildConfiguration;
			buildSettings = {
				ASSETCATALOG_COMPILER_APPICON_NAME = AppIcon;
				ASSETCATALOG_COMPILER_GLOBAL_ACCENT_COLOR_NAME = AccentColor;
				CODE_SIGN_STYLE = Automatic;
				CURRENT_PROJECT_VERSION = 1;
				DEVELOPMENT_ASSET_PATHS = "\"NasaPhotoApp/Preview Content\"";
				DEVELOPMENT_TEAM = 68M2DLBU7E;
				ENABLE_PREVIEWS = YES;
				GENERATE_INFOPLIST_FILE = YES;
				INFOPLIST_KEY_UIApplicationSceneManifest_Generation = YES;
				INFOPLIST_KEY_UIApplicationSupportsIndirectInputEvents = YES;
				INFOPLIST_KEY_UILaunchScreen_Generation = YES;
				INFOPLIST_KEY_UISupportedInterfaceOrientations_iPad = "UIInterfaceOrientationPortrait UIInterfaceOrientationPortraitUpsideDown UIInterfaceOrientationLandscapeLeft UIInterfaceOrientationLandscapeRight";
				INFOPLIST_KEY_UISupportedInterfaceOrientations_iPhone = "UIInterfaceOrientationPortrait UIInterfaceOrientationLandscapeLeft UIInterfaceOrientationLandscapeRight";
				LD_RUNPATH_SEARCH_PATHS = (
					"$(inherited)",
					"@executable_path/Frameworks",
				);
				MARKETING_VERSION = 1.0;
				PRODUCT_BUNDLE_IDENTIFIER = "Andrey-Dyatkov.NasaPhotoApp";
				PRODUCT_NAME = "$(TARGET_NAME)";
				SWIFT_EMIT_LOC_STRINGS = YES;
				SWIFT_VERSION = 5.0;
				TARGETED_DEVICE_FAMILY = "1,2";
			};
			name = Release;
		};
/* End XCBuildConfiguration section */

/* Begin XCConfigurationList section */
		0EA260C7274FB40C00D6699E /* Build configuration list for PBXProject "NasaPhotoApp" */ = {
			isa = XCConfigurationList;
			buildConfigurations = (
				0EA260D8274FB40D00D6699E /* Debug */,
				0EA260D9274FB40D00D6699E /* Release */,
			);
			defaultConfigurationIsVisible = 0;
			defaultConfigurationName = Release;
		};
		0EA260DA274FB40D00D6699E /* Build configuration list for PBXNativeTarget "NasaPhotoApp" */ = {
			isa = XCConfigurationList;
			buildConfigurations = (
				0EA260DB274FB40D00D6699E /* Debug */,
				0EA260DC274FB40D00D6699E /* Release */,
			);
			defaultConfigurationIsVisible = 0;
			defaultConfigurationName = Release;
		};
/* End XCConfigurationList section */
	};
	rootObject = 0EA260C4274FB40C00D6699E /* Project object */;
}
